
Microsoft Visual Studio Solution File, Format Version 12.00
# Visual Studio Version 17
VisualStudioVersion = 17.14.36109.1 d17.14
MinimumVisualStudioVersion = 10.0.40219.1
Project("{FAE04EC0-301F-11D3-BF4B-00C04F79EFBC}") = "AuthTakePWVault.Web", "AuthTakePWVault.Web\AuthTakePWVault.Web.csproj", "{39DA1081-F437-4F39-AD16-F98B1D13E929}"
EndProject
Project("{FAE04EC0-301F-11D3-BF4B-00C04F79EFBC}") = "AuthTakePWVault.Data", "AuthTakePWVault.Data\AuthTakePWVault.Data.csproj", "{9299211F-5C23-4ADB-BA46-50438EBCA92D}"
EndProject
Project("{FAE04EC0-301F-11D3-BF4B-00C04F79EFBC}") = "AuthTakePWVault.API", "AuthTakePWVault.API\AuthTakePWVault.API.csproj", "{A530074E-5F4D-417C-BE80-873291BB5394}"
EndProject
Global
	GlobalSection(SolutionConfigurationPlatforms) = preSolution
		Debug|Any CPU = Debug|Any CPU
		Release|Any CPU = Release|Any CPU
	EndGlobalSection
	GlobalSection(ProjectConfigurationPlatforms) = postSolution
		{39DA1081-F437-4F39-AD16-F98B1D13E929}.Debug|Any CPU.ActiveCfg = Debug|Any CPU
		{39DA1081-F437-4F39-AD16-F98B1D13E929}.Debug|Any CPU.Build.0 = Debug|Any CPU
		{39DA1081-F437-4F39-AD16-F98B1D13E929}.Release|Any CPU.ActiveCfg = Release|Any CPU
		{39DA1081-F437-4F39-AD16-F98B1D13E929}.Release|Any CPU.Build.0 = Release|Any CPU
		{9299211F-5C23-4ADB-BA46-50438EBCA92D}.Debug|Any CPU.ActiveCfg = Debug|Any CPU
		{9299211F-5C23-4ADB-BA46-50438EBCA92D}.Debug|Any CPU.Build.0 = Debug|Any CPU
		{9299211F-5C23-4ADB-BA46-50438EBCA92D}.Release|Any CPU.ActiveCfg = Release|Any CPU
		{9299211F-5C23-4ADB-BA46-50438EBCA92D}.Release|Any CPU.Build.0 = Release|Any CPU
		{A530074E-5F4D-417C-BE80-873291BB5394}.Debug|Any CPU.ActiveCfg = Debug|Any CPU
		{A530074E-5F4D-417C-BE80-873291BB5394}.Debug|Any CPU.Build.0 = Debug|Any CPU
		{A530074E-5F4D-417C-BE80-873291BB5394}.Release|Any CPU.ActiveCfg = Release|Any CPU
		{A530074E-5F4D-417C-BE80-873291BB5394}.Release|Any CPU.Build.0 = Release|Any CPU
	EndGlobalSection
	GlobalSection(SolutionProperties) = preSolution
		HideSolutionNode = FALSE
	EndGlobalSection
	GlobalSection(ExtensibilityGlobals) = postSolution
		SolutionGuid = {129E497C-447F-4ABF-A481-81B4EA308B8E}
	EndGlobalSection
EndGlobal
